
Microsoft Visual Studio Solution File, Format Version 12.00
# Visual Studio Version 17
VisualStudioVersion = 17.5.002.0
MinimumVisualStudioVersion = 10.0.40219.1
Project("{9A19103F-16F7-4668-BE54-9A1E7A4F7556}") = "Exo.WebApi", "Exo.WebApi.csproj", "{44602FED-F869-44E5-98BA-3103BE47EE78}"
EndProject
Global
	GlobalSection(SolutionConfigurationPlatforms) = preSolution
		Debug|Any CPU = Debug|Any CPU
		Release|Any CPU = Release|Any CPU
	EndGlobalSection
	GlobalSection(ProjectConfigurationPlatforms) = postSolution
		{44602FED-F869-44E5-98BA-3103BE47EE78}.Debug|Any CPU.ActiveCfg = Debug|Any CPU
		{44602FED-F869-44E5-98BA-3103BE47EE78}.Debug|Any CPU.Build.0 = Debug|Any CPU
		{44602FED-F869-44E5-98BA-3103BE47EE78}.Release|Any CPU.ActiveCfg = Release|Any CPU
		{44602FED-F869-44E5-98BA-3103BE47EE78}.Release|Any CPU.Build.0 = Release|Any CPU
	EndGlobalSection
	GlobalSection(SolutionProperties) = preSolution
		HideSolutionNode = FALSE
	EndGlobalSection
	GlobalSection(ExtensibilityGlobals) = postSolution
		SolutionGuid = {E7B8B511-234C-47FF-ACC5-FEBC91A4B738}
	EndGlobalSection
EndGlobal
