
Microsoft Visual Studio Solution File, Format Version 12.00
# Visual Studio Version 17
VisualStudioVersion = 17.5.002.0
MinimumVisualStudioVersion = 10.0.40219.1
Project("{9A19103F-16F7-4668-BE54-9A1E7A4F7556}") = "Exo.WebApi", "Exo.WebApi.csproj", "{FAB990D0-3F53-4D28-B842-9F0AA9617F6B}"
EndProject
Global
	GlobalSection(SolutionConfigurationPlatforms) = preSolution
		Debug|Any CPU = Debug|Any CPU
		Release|Any CPU = Release|Any CPU
	EndGlobalSection
	GlobalSection(ProjectConfigurationPlatforms) = postSolution
		{FAB990D0-3F53-4D28-B842-9F0AA9617F6B}.Debug|Any CPU.ActiveCfg = Debug|Any CPU
		{FAB990D0-3F53-4D28-B842-9F0AA9617F6B}.Debug|Any CPU.Build.0 = Debug|Any CPU
		{FAB990D0-3F53-4D28-B842-9F0AA9617F6B}.Release|Any CPU.ActiveCfg = Release|Any CPU
		{FAB990D0-3F53-4D28-B842-9F0AA9617F6B}.Release|Any CPU.Build.0 = Release|Any CPU
	EndGlobalSection
	GlobalSection(SolutionProperties) = preSolution
		HideSolutionNode = FALSE
	EndGlobalSection
	GlobalSection(ExtensibilityGlobals) = postSolution
		SolutionGuid = {09CAD11A-D0CE-4461-93A0-509C905C6EB9}
	EndGlobalSection
EndGlobal
