
Microsoft Visual Studio Solution File, Format Version 12.00
# Visual Studio Version 17
VisualStudioVersion = 17.5.002.0
MinimumVisualStudioVersion = 10.0.40219.1
Project("{9A19103F-16F7-4668-BE54-9A1E7A4F7556}") = "BancoAbstrato", "BancoAbstrato.csproj", "{06C2D566-8EE0-4921-AD74-6FCDB1282FEF}"
EndProject
Global
	GlobalSection(SolutionConfigurationPlatforms) = preSolution
		Debug|Any CPU = Debug|Any CPU
		Release|Any CPU = Release|Any CPU
	EndGlobalSection
	GlobalSection(ProjectConfigurationPlatforms) = postSolution
		{06C2D566-8EE0-4921-AD74-6FCDB1282FEF}.Debug|Any CPU.ActiveCfg = Debug|Any CPU
		{06C2D566-8EE0-4921-AD74-6FCDB1282FEF}.Debug|Any CPU.Build.0 = Debug|Any CPU
		{06C2D566-8EE0-4921-AD74-6FCDB1282FEF}.Release|Any CPU.ActiveCfg = Release|Any CPU
		{06C2D566-8EE0-4921-AD74-6FCDB1282FEF}.Release|Any CPU.Build.0 = Release|Any CPU
	EndGlobalSection
	GlobalSection(SolutionProperties) = preSolution
		HideSolutionNode = FALSE
	EndGlobalSection
	GlobalSection(ExtensibilityGlobals) = postSolution
		SolutionGuid = {73791D26-F2C2-46F3-A9AD-148E9559EE1B}
	EndGlobalSection
EndGlobal
